<?xml version="1.0" encoding="utf-8"?>
<Project ToolsVersion="4.0" xmlns="http://schemas.microsoft.com/developer/msbuild/2003">
  <ItemGroup>
    <Filter Include="Source Files">
      <UniqueIdentifier>{4FC737F1-C7A5-4376-A066-2A32D752A2FF}</UniqueIdentifier>
      <Extensions>cpp;c;cc;cxx;c++;cppm;ixx;def;odl;idl;hpj;bat;asm;asmx</Extensions>
    </Filter>
    <Filter Include="Header Files">
      <UniqueIdentifier>{93995380-89BD-4b04-88EB-625FBE52EBFB}</UniqueIdentifier>
      <Extensions>h;hh;hpp;hxx;h++;hm;inl;inc;ipp;xsd</Extensions>
    </Filter>
    <Filter Include="Resource Files">
      <UniqueIdentifier>{67DA6AB6-F800-4c08-8B7A-83BB121AAD01}</UniqueIdentifier>
      <Extensions>rc;ico;cur;bmp;dlg;rc2;rct;bin;rgs;gif;jpg;jpeg;jpe;resx;tiff;tif;png;wav;mfcribbon-ms</Extensions>
    </Filter>
    <Filter Include="Engine">
      <UniqueIdentifier>{f3eaad12-4eaa-44c5-9b5c-35e8b007397e}</UniqueIdentifier>
    </Filter>
    <Filter Include="Mesh">
      <UniqueIdentifier>{7231531b-28d6-4242-b17b-039797dc540a}</UniqueIdentifier>
    </Filter>
    <Filter Include="FluidScene">
      <UniqueIdentifier>{32a5d2a7-552c-4294-925f-18748569cdd6}</UniqueIdentifier>
    </Filter>
    <Filter Include="Shader">
      <UniqueIdentifier>{5d8a1c3d-bab3-4c89-9b6b-bce77d0ac344}</UniqueIdentifier>
    </Filter>
    <Filter Include="Mesh\GridMesh">
      <UniqueIdentifier>{a1ebd6b4-2d95-43ad-b506-6619e079ad90}</UniqueIdentifier>
    </Filter>
    <Filter Include="Fluid">
      <UniqueIdentifier>{1286a649-735c-48b6-91ec-b1015b4fe09e}</UniqueIdentifier>
    </Filter>
    <Filter Include="Fluid\Solver">
      <UniqueIdentifier>{5046f47f-0271-4c67-97f4-553e85833789}</UniqueIdentifier>
    </Filter>
    <Filter Include="Fluid\SPH">
      <UniqueIdentifier>{3e55e03d-dc75-4a4d-bf77-393880e29935}</UniqueIdentifier>
    </Filter>
    <Filter Include="Fluid\Shared">
      <UniqueIdentifier>{ea4246e8-6fd6-42e4-a5ab-23274bd9bcf7}</UniqueIdentifier>
    </Filter>
    <Filter Include="Fluid\Hybrid">
      <UniqueIdentifier>{8410770c-9fcf-474b-9ded-33cd9f0e3941}</UniqueIdentifier>
    </Filter>
    <Filter Include="Fluid\Particle">
      <UniqueIdentifier>{75cc8a43-4921-4f98-858c-60a45b4aa88a}</UniqueIdentifier>
    </Filter>
    <Filter Include="Fluid\Eulerian">
      <UniqueIdentifier>{d0660bc3-5ca5-4b91-9b1e-9386f008984c}</UniqueIdentifier>
    </Filter>
  </ItemGroup>
  <ItemGroup>
    <ClCompile Include="FluidSimulation.cpp">
      <Filter>Source Files</Filter>
    </ClCompile>
    <ClCompile Include="glad.c">
      <Filter>Source Files</Filter>
    </ClCompile>
    <ClCompile Include="stb_image.cpp">
      <Filter>Source Files</Filter>
    </ClCompile>
    <ClCompile Include="Utility.cpp">
      <Filter>Source Files</Filter>
    </ClCompile>
    <ClCompile Include="Engine.cpp">
      <Filter>Engine</Filter>
    </ClCompile>
    <ClCompile Include="Mesh.cpp">
      <Filter>Mesh</Filter>
    </ClCompile>
    <ClCompile Include="MeshBuilder.cpp">
      <Filter>Mesh</Filter>
    </ClCompile>
    <ClCompile Include="EulerianFluidScene.cpp">
      <Filter>FluidScene</Filter>
    </ClCompile>
    <ClCompile Include="Shader.cpp">
      <Filter>Shader</Filter>
    </ClCompile>
    <ClCompile Include="GridMesh.cpp">
      <Filter>Mesh\GridMesh</Filter>
    </ClCompile>
    <ClCompile Include="CGSolver.cpp">
      <Filter>Fluid\Solver</Filter>
    </ClCompile>
    <ClCompile Include="JacobiMethod.cpp">
      <Filter>Fluid\Solver</Filter>
    </ClCompile>
    <ClCompile Include="SPHFluidScene.cpp">
      <Filter>FluidScene</Filter>
    </ClCompile>
    <ClCompile Include="SPH_Particle.cpp">
      <Filter>Fluid\SPH</Filter>
    </ClCompile>
    <ClCompile Include="SPH_FluidGrid.cpp">
      <Filter>Fluid\SPH</Filter>
    </ClCompile>
    <ClCompile Include="VelocityField.cpp">
      <Filter>Fluid\Shared</Filter>
    </ClCompile>
    <ClCompile Include="QuantityField.cpp">
      <Filter>Fluid\Shared</Filter>
    </ClCompile>
    <ClCompile Include="Hybrid_FluidGrid.cpp">
      <Filter>Fluid\Hybrid</Filter>
    </ClCompile>
    <ClCompile Include="HybridFluidScene.cpp">
      <Filter>FluidScene</Filter>
    </ClCompile>
    <ClCompile Include="Particle.cpp">
      <Filter>Fluid\Particle</Filter>
    </ClCompile>
    <ClCompile Include="MathUtility.cpp">
      <Filter>Source Files</Filter>
    </ClCompile>
    <ClCompile Include="PressureSolve.cpp">
      <Filter>Fluid\Shared</Filter>
    </ClCompile>
    <ClCompile Include="Eulerian_FluidGrid.cpp">
      <Filter>Fluid\Eulerian</Filter>
    </ClCompile>
  </ItemGroup>
  <ItemGroup>
    <ClInclude Include="Utility.h">
      <Filter>Source Files</Filter>
    </ClInclude>
    <ClInclude Include="Engine.h">
      <Filter>Engine</Filter>
    </ClInclude>
    <ClInclude Include="Mesh.h">
      <Filter>Mesh</Filter>
    </ClInclude>
    <ClInclude Include="MeshBuilder.h">
      <Filter>Mesh</Filter>
    </ClInclude>
    <ClInclude Include="EulerianFluidScene.h">
      <Filter>FluidScene</Filter>
    </ClInclude>
    <ClInclude Include="Shader.h">
      <Filter>Shader</Filter>
    </ClInclude>
    <ClInclude Include="GridMesh.h">
      <Filter>Mesh\GridMesh</Filter>
    </ClInclude>
    <ClInclude Include="CGSolver.h">
      <Filter>Fluid\Solver</Filter>
    </ClInclude>
    <ClInclude Include="JacobiMethod.h">
      <Filter>Fluid\Solver</Filter>
    </ClInclude>
    <ClInclude Include="SPHFluidScene.h">
      <Filter>FluidScene</Filter>
    </ClInclude>
    <ClInclude Include="SPH_Particle.h">
      <Filter>Fluid\SPH</Filter>
    </ClInclude>
    <ClInclude Include="SPH_FluidGrid.h">
      <Filter>Fluid\SPH</Filter>
    </ClInclude>
    <ClInclude Include="VelocityField.h">
      <Filter>Fluid\Shared</Filter>
    </ClInclude>
    <ClInclude Include="QuantityField.h">
      <Filter>Fluid\Shared</Filter>
    </ClInclude>
    <ClInclude Include="Hybrid_FluidGrid.h">
      <Filter>Fluid\Hybrid</Filter>
    </ClInclude>
    <ClInclude Include="HybridFluidScene.h">
      <Filter>FluidScene</Filter>
    </ClInclude>
    <ClInclude Include="Particle.h">
      <Filter>Fluid\Particle</Filter>
    </ClInclude>
    <ClInclude Include="MathUtility.h">
      <Filter>Source Files</Filter>
    </ClInclude>
    <ClInclude Include="PressureSolve.h">
      <Filter>Fluid\Shared</Filter>
    </ClInclude>
    <ClInclude Include="Eulerian_FluidGrid.h">
      <Filter>Fluid\Eulerian</Filter>
    </ClInclude>
  </ItemGroup>
</Project>